<Solution>
  <Project Path="../../blocks/Shared.Contracts/Shared.Contracts.csproj" />
  <Project Path="../../blocks/Shared.Grpc/Shared.Grpc.csproj" />
  <Project Path="../../blocks/Shared.Messaging/Shared.Messaging.csproj" />
  <Project Path="../../blocks/Shared.Observability/Shared.Observability.csproj" />
  <Project Path="Auth.Api/Auth.Api.csproj" />
  <Project Path="Auth.Application/Auth.Application.csproj" />
  <Project Path="Auth.Domain/Auth.Domain.csproj" />
  <Project Path="Auth.Infrastructure/Auth.Infrastructure.csproj" />
</Solution>
