<Solution>
  <Project Path="../../blocks/Shared.Contracts/Shared.Contracts.csproj" />
  <Project Path="../../blocks/Shared.Grpc/Shared.Grpc.csproj" />
  <Project Path="../../blocks/Shared.Messaging/Shared.Messaging.csproj" />
  <Project Path="../../blocks/Shared.Observability/Shared.Observability.csproj" />
  <Project Path="User.Api/User.Api.csproj" />
  <Project Path="User.Application/User.Application.csproj" />
  <Project Path="User.Domain/User.Domain.csproj" />
  <Project Path="User.Infrastructure/User.Infrastructure.csproj" />
</Solution>
